
Microsoft Visual Studio Solution File, Format Version 12.00
# Visual Studio Version 17
VisualStudioVersion = 17.5.002.0
MinimumVisualStudioVersion = 10.0.40219.1
Project("{9A19103F-16F7-4668-BE54-9A1E7A4F7556}") = "CarBuilder2", "CarBuilder2.csproj", "{53BC8FEA-814F-41DD-81C4-6454332A6210}"
EndProject
Global
	GlobalSection(SolutionConfigurationPlatforms) = preSolution
		Debug|Any CPU = Debug|Any CPU
		Release|Any CPU = Release|Any CPU
	EndGlobalSection
	GlobalSection(ProjectConfigurationPlatforms) = postSolution
		{53BC8FEA-814F-41DD-81C4-6454332A6210}.Debug|Any CPU.ActiveCfg = Debug|Any CPU
		{53BC8FEA-814F-41DD-81C4-6454332A6210}.Debug|Any CPU.Build.0 = Debug|Any CPU
		{53BC8FEA-814F-41DD-81C4-6454332A6210}.Release|Any CPU.ActiveCfg = Release|Any CPU
		{53BC8FEA-814F-41DD-81C4-6454332A6210}.Release|Any CPU.Build.0 = Release|Any CPU
	EndGlobalSection
	GlobalSection(SolutionProperties) = preSolution
		HideSolutionNode = FALSE
	EndGlobalSection
	GlobalSection(ExtensibilityGlobals) = postSolution
		SolutionGuid = {881F273E-469E-4C10-BCC2-391C2F2E2384}
	EndGlobalSection
EndGlobal
